
Microsoft Visual Studio Solution File, Format Version 12.00
# Visual Studio Version 17
VisualStudioVersion = 17.0.32014.148
MinimumVisualStudioVersion = 10.0.40219.1
Project("{FAE04EC0-301F-11D3-BF4B-00C04F79EFBC}") = "WebsiteBanHangs", "WebsiteBanHangs\WebsiteBanHangs.csproj", "{B21B7F35-EE4A-4AE9-B402-0DF8FDFCA721}"
EndProject
Project("{FAE04EC0-301F-11D3-BF4B-00C04F79EFBC}") = "SendMail", "SendMail\SendMail.csproj", "{C4A41B95-2DD5-4CDA-B050-D5F24A876339}"
EndProject
Global
	GlobalSection(SolutionConfigurationPlatforms) = preSolution
		Debug|Any CPU = Debug|Any CPU
		Release|Any CPU = Release|Any CPU
	EndGlobalSection
	GlobalSection(ProjectConfigurationPlatforms) = postSolution
		{B21B7F35-EE4A-4AE9-B402-0DF8FDFCA721}.Debug|Any CPU.ActiveCfg = Debug|Any CPU
		{B21B7F35-EE4A-4AE9-B402-0DF8FDFCA721}.Debug|Any CPU.Build.0 = Debug|Any CPU
		{B21B7F35-EE4A-4AE9-B402-0DF8FDFCA721}.Release|Any CPU.ActiveCfg = Release|Any CPU
		{B21B7F35-EE4A-4AE9-B402-0DF8FDFCA721}.Release|Any CPU.Build.0 = Release|Any CPU
		{C4A41B95-2DD5-4CDA-B050-D5F24A876339}.Debug|Any CPU.ActiveCfg = Debug|Any CPU
		{C4A41B95-2DD5-4CDA-B050-D5F24A876339}.Debug|Any CPU.Build.0 = Debug|Any CPU
		{C4A41B95-2DD5-4CDA-B050-D5F24A876339}.Release|Any CPU.ActiveCfg = Release|Any CPU
		{C4A41B95-2DD5-4CDA-B050-D5F24A876339}.Release|Any CPU.Build.0 = Release|Any CPU
	EndGlobalSection
	GlobalSection(SolutionProperties) = preSolution
		HideSolutionNode = FALSE
	EndGlobalSection
	GlobalSection(ExtensibilityGlobals) = postSolution
		SolutionGuid = {E3C05209-4F80-48D4-98BF-4D953454B3FD}
	EndGlobalSection
EndGlobal
